// !$*UTF8*$!
{
	archiveVersion = 1;
	classes = {
	};
	objectVersion = 46;
	objects = {

/* Begin PBXBuildFile section */
		8106A5281B4662E800078C61 /* EjView.h in Headers */ = {isa = PBXBuildFile; fileRef = 8106A5271B4662E800078C61 /* EjView.h */; };
		8106A52A1B4662E800078C61 /* EjView.m in Sources */ = {isa = PBXBuildFile; fileRef = 8106A5291B4662E800078C61 /* EjView.m */; };
		8106A5311B46632E00078C61 /* Paddle.framework in Frameworks */ = {isa = PBXBuildFile; fileRef = 8106A5301B46632E00078C61 /* Paddle.framework */; };
		8106A5331B46634700078C61 /* Paddle.framework in CopyFiles */ = {isa = PBXBuildFile; fileRef = 8106A5301B46632E00078C61 /* Paddle.framework */; settings = {ATTRIBUTES = (CodeSignOnCopy, RemoveHeadersOnCopy, ); }; };
/* End PBXBuildFile section */

/* Begin PBXCopyFilesBuildPhase section */
		8106A5321B46634100078C61 /* CopyFiles */ = {
			isa = PBXCopyFilesBuildPhase;
			buildActionMask = 2147483647;
			dstPath = "";
			dstSubfolderSpec = 10;
			files = (
				8106A5331B46634700078C61 /* Paddle.framework in CopyFiles */,
			);
			runOnlyForDeploymentPostprocessing = 0;
		};
/* End PBXCopyFilesBuildPhase section */

/* Begin PBXFileReference section */
		8106A5221B4662E800078C61 /* Ej.saver */ = {isa = PBXFileReference; explicitFileType = wrapper.cfbundle; includeInIndex = 0; path = Ej.saver; sourceTree = BUILT_PRODUCTS_DIR; };
		8106A5261B4662E800078C61 /* Info.plist */ = {isa = PBXFileReference; lastKnownFileType = text.plist.xml; path = Info.plist; sourceTree = "<group>"; };
		8106A5271B4662E800078C61 /* EjView.h */ = {isa = PBXFileReference; lastKnownFileType = sourcecode.c.h; path = EjView.h; sourceTree = "<group>"; };
		8106A5291B4662E800078C61 /* EjView.m */ = {isa = PBXFileReference; lastKnownFileType = sourcecode.c.objc; path = EjView.m; sourceTree = "<group>"; };
		8106A5301B46632E00078C61 /* Paddle.framework */ = {isa = PBXFileReference; lastKnownFileType = wrapper.framework; path = Paddle.framework; sourceTree = "<group>"; };
/* End PBXFileReference section */

/* Begin PBXFrameworksBuildPhase section */
		8106A51E1B4662E800078C61 /* Frameworks */ = {
			isa = PBXFrameworksBuildPhase;
			buildActionMask = 2147483647;
			files = (
				8106A5311B46632E00078C61 /* Paddle.framework in Frameworks */,
			);
			runOnlyForDeploymentPostprocessing = 0;
		};
/* End PBXFrameworksBuildPhase section */

/* Begin PBXGroup section */
		8106A5181B4662E800078C61 = {
			isa = PBXGroup;
			children = (
				8106A5241B4662E800078C61 /* Ej */,
				8106A5231B4662E800078C61 /* Products */,
			);
			sourceTree = "<group>";
		};
		8106A5231B4662E800078C61 /* Products */ = {
			isa = PBXGroup;
			children = (
				8106A5221B4662E800078C61 /* Ej.saver */,
			);
			name = Products;
			sourceTree = "<group>";
		};
		8106A5241B4662E800078C61 /* Ej */ = {
			isa = PBXGroup;
			children = (
				8106A5301B46632E00078C61 /* Paddle.framework */,
				8106A5271B4662E800078C61 /* EjView.h */,
				8106A5291B4662E800078C61 /* EjView.m */,
				8106A5251B4662E800078C61 /* Supporting Files */,
			);
			path = Ej;
			sourceTree = "<group>";
		};
		8106A5251B4662E800078C61 /* Supporting Files */ = {
			isa = PBXGroup;
			children = (
				8106A5261B4662E800078C61 /* Info.plist */,
			);
			name = "Supporting Files";
			sourceTree = "<group>";
		};
/* End PBXGroup section */

/* Begin PBXHeadersBuildPhase section */
		8106A51F1B4662E800078C61 /* Headers */ = {
			isa = PBXHeadersBuildPhase;
			buildActionMask = 2147483647;
			files = (
				8106A5281B4662E800078C61 /* EjView.h in Headers */,
			);
			runOnlyForDeploymentPostprocessing = 0;
		};
/* End PBXHeadersBuildPhase section */

/* Begin PBXNativeTarget section */
		8106A5211B4662E800078C61 /* Ej */ = {
			isa = PBXNativeTarget;
			buildConfigurationList = 8106A52D1B4662E800078C61 /* Build configuration list for PBXNativeTarget "Ej" */;
			buildPhases = (
				8106A51D1B4662E800078C61 /* Sources */,
				8106A51E1B4662E800078C61 /* Frameworks */,
				8106A51F1B4662E800078C61 /* Headers */,
				8106A5201B4662E800078C61 /* Resources */,
				8106A5321B46634100078C61 /* CopyFiles */,
			);
			buildRules = (
			);
			dependencies = (
			);
			name = Ej;
			productName = Ej;
			productReference = 8106A5221B4662E800078C61 /* Ej.saver */;
			productType = "com.apple.product-type.bundle";
		};
/* End PBXNativeTarget section */

/* Begin PBXProject section */
		8106A5191B4662E800078C61 /* Project object */ = {
			isa = PBXProject;
			attributes = {
				LastUpgradeCheck = 0630;
				ORGANIZATIONNAME = CarouselApps;
				TargetAttributes = {
					8106A5211B4662E800078C61 = {
						CreatedOnToolsVersion = 6.3.2;
					};
				};
			};
			buildConfigurationList = 8106A51C1B4662E800078C61 /* Build configuration list for PBXProject "Ej" */;
			compatibilityVersion = "Xcode 3.2";
			developmentRegion = English;
			hasScannedForEncodings = 0;
			knownRegions = (
				en,
			);
			mainGroup = 8106A5181B4662E800078C61;
			productRefGroup = 8106A5231B4662E800078C61 /* Products */;
			projectDirPath = "";
			projectRoot = "";
			targets = (
				8106A5211B4662E800078C61 /* Ej */,
			);
		};
/* End PBXProject section */

/* Begin PBXResourcesBuildPhase section */
		8106A5201B4662E800078C61 /* Resources */ = {
			isa = PBXResourcesBuildPhase;
			buildActionMask = 2147483647;
			files = (
			);
			runOnlyForDeploymentPostprocessing = 0;
		};
/* End PBXResourcesBuildPhase section */

/* Begin PBXSourcesBuildPhase section */
		8106A51D1B4662E800078C61 /* Sources */ = {
			isa = PBXSourcesBuildPhase;
			buildActionMask = 2147483647;
			files = (
				8106A52A1B4662E800078C61 /* EjView.m in Sources */,
			);
			runOnlyForDeploymentPostprocessing = 0;
		};
/* End PBXSourcesBuildPhase section */

/* Begin XCBuildConfiguration section */
		8106A52B1B4662E800078C61 /* Debug */ = {
			isa = XCBuildConfiguration;
			buildSettings = {
				ALWAYS_SEARCH_USER_PATHS = NO;
				CLANG_CXX_LANGUAGE_STANDARD = "gnu++0x";
				CLANG_CXX_LIBRARY = "libc++";
				CLANG_ENABLE_MODULES = YES;
				CLANG_ENABLE_OBJC_ARC = YES;
				CLANG_WARN_BOOL_CONVERSION = YES;
				CLANG_WARN_CONSTANT_CONVERSION = YES;
				CLANG_WARN_DIRECT_OBJC_ISA_USAGE = YES_ERROR;
				CLANG_WARN_EMPTY_BODY = YES;
				CLANG_WARN_ENUM_CONVERSION = YES;
				CLANG_WARN_INT_CONVERSION = YES;
				CLANG_WARN_OBJC_ROOT_CLASS = YES_ERROR;
				CLANG_WARN_UNREACHABLE_CODE = YES;
				CLANG_WARN__DUPLICATE_METHOD_MATCH = YES;
				COPY_PHASE_STRIP = NO;
				DEBUG_INFORMATION_FORMAT = dwarf;
				ENABLE_STRICT_OBJC_MSGSEND = YES;
				GCC_C_LANGUAGE_STANDARD = gnu99;
				GCC_DYNAMIC_NO_PIC = NO;
				GCC_NO_COMMON_BLOCKS = YES;
				GCC_OPTIMIZATION_LEVEL = 0;
				GCC_PREPROCESSOR_DEFINITIONS = (
					"DEBUG=1",
					"$(inherited)",
				);
				GCC_SYMBOLS_PRIVATE_EXTERN = NO;
				GCC_WARN_64_TO_32_BIT_CONVERSION = YES;
				GCC_WARN_ABOUT_RETURN_TYPE = YES_ERROR;
				GCC_WARN_UNDECLARED_SELECTOR = YES;
				GCC_WARN_UNINITIALIZED_AUTOS = YES_AGGRESSIVE;
				GCC_WARN_UNUSED_FUNCTION = YES;
				GCC_WARN_UNUSED_VARIABLE = YES;
				MACOSX_DEPLOYMENT_TARGET = 10.10;
				MTL_ENABLE_DEBUG_INFO = YES;
				ONLY_ACTIVE_ARCH = YES;
				SDKROOT = macosx;
			};
			name = Debug;
		};
		8106A52C1B4662E800078C61 /* Release */ = {
			isa = XCBuildConfiguration;
			buildSettings = {
				ALWAYS_SEARCH_USER_PATHS = NO;
				CLANG_CXX_LANGUAGE_STANDARD = "gnu++0x";
				CLANG_CXX_LIBRARY = "libc++";
				CLANG_ENABLE_MODULES = YES;
				CLANG_ENABLE_OBJC_ARC = YES;
				CLANG_WARN_BOOL_CONVERSION = YES;
				CLANG_WARN_CONSTANT_CONVERSION = YES;
				CLANG_WARN_DIRECT_OBJC_ISA_USAGE = YES_ERROR;
				CLANG_WARN_EMPTY_BODY = YES;
				CLANG_WARN_ENUM_CONVERSION = YES;
				CLANG_WARN_INT_CONVERSION = YES;
				CLANG_WARN_OBJC_ROOT_CLASS = YES_ERROR;
				CLANG_WARN_UNREACHABLE_CODE = YES;
				CLANG_WARN__DUPLICATE_METHOD_MATCH = YES;
				COPY_PHASE_STRIP = NO;
				DEBUG_INFORMATION_FORMAT = "dwarf-with-dsym";
				ENABLE_NS_ASSERTIONS = NO;
				ENABLE_STRICT_OBJC_MSGSEND = YES;
				GCC_C_LANGUAGE_STANDARD = gnu99;
				GCC_NO_COMMON_BLOCKS = YES;
				GCC_WARN_64_TO_32_BIT_CONVERSION = YES;
				GCC_WARN_ABOUT_RETURN_TYPE = YES_ERROR;
				GCC_WARN_UNDECLARED_SELECTOR = YES;
				GCC_WARN_UNINITIALIZED_AUTOS = YES_AGGRESSIVE;
				GCC_WARN_UNUSED_FUNCTION = YES;
				GCC_WARN_UNUSED_VARIABLE = YES;
				MACOSX_DEPLOYMENT_TARGET = 10.10;
				MTL_ENABLE_DEBUG_INFO = NO;
				SDKROOT = macosx;
			};
			name = Release;
		};
		8106A52E1B4662E800078C61 /* Debug */ = {
			isa = XCBuildConfiguration;
			buildSettings = {
				COMBINE_HIDPI_IMAGES = YES;
				FRAMEWORK_SEARCH_PATHS = (
					"$(inherited)",
					"$(PROJECT_DIR)/Ej",
				);
				INFOPLIST_FILE = Ej/Info.plist;
				INSTALL_PATH = "$(HOME)/Library/Screen Savers";
				PRODUCT_NAME = "$(TARGET_NAME)";
				WRAPPER_EXTENSION = saver;
			};
			name = Debug;
		};
		8106A52F1B4662E800078C61 /* Release */ = {
			isa = XCBuildConfiguration;
			buildSettings = {
				COMBINE_HIDPI_IMAGES = YES;
				FRAMEWORK_SEARCH_PATHS = (
					"$(inherited)",
					"$(PROJECT_DIR)/Ej",
				);
				INFOPLIST_FILE = Ej/Info.plist;
				INSTALL_PATH = "$(HOME)/Library/Screen Savers";
				PRODUCT_NAME = "$(TARGET_NAME)";
				WRAPPER_EXTENSION = saver;
			};
			name = Release;
		};
/* End XCBuildConfiguration section */

/* Begin XCConfigurationList section */
		8106A51C1B4662E800078C61 /* Build configuration list for PBXProject "Ej" */ = {
			isa = XCConfigurationList;
			buildConfigurations = (
				8106A52B1B4662E800078C61 /* Debug */,
				8106A52C1B4662E800078C61 /* Release */,
			);
			defaultConfigurationIsVisible = 0;
			defaultConfigurationName = Release;
		};
		8106A52D1B4662E800078C61 /* Build configuration list for PBXNativeTarget "Ej" */ = {
			isa = XCConfigurationList;
			buildConfigurations = (
				8106A52E1B4662E800078C61 /* Debug */,
				8106A52F1B4662E800078C61 /* Release */,
			);
			defaultConfigurationIsVisible = 0;
		};
/* End XCConfigurationList section */
	};
	rootObject = 8106A5191B4662E800078C61 /* Project object */;
}
